Microsoft Visual Studio Solution File, Format Version 12.00
# Visual Studio Version 17
VisualStudioVersion = 17.5.2.0
MinimumVisualStudioVersion = 10.0.40219.1
Project("{FAE04EC0-301F-11D3-BF4B-00C04F79EFBC}") = "PrviPrimer", "PrviPrimer.csproj", "{0AB67B89-7B08-8785-6CC7-22D1E710F219}"
EndProject
Global
	GlobalSection(SolutionConfigurationPlatforms) = preSolution
		Debug|Any CPU = Debug|Any CPU
		Release|Any CPU = Release|Any CPU
	EndGlobalSection
	GlobalSection(ProjectConfigurationPlatforms) = postSolution
		{0AB67B89-7B08-8785-6CC7-22D1E710F219}.Debug|Any CPU.ActiveCfg = Debug|Any CPU
		{0AB67B89-7B08-8785-6CC7-22D1E710F219}.Debug|Any CPU.Build.0 = Debug|Any CPU
		{0AB67B89-7B08-8785-6CC7-22D1E710F219}.Release|Any CPU.ActiveCfg = Release|Any CPU
		{0AB67B89-7B08-8785-6CC7-22D1E710F219}.Release|Any CPU.Build.0 = Release|Any CPU
	EndGlobalSection
	GlobalSection(SolutionProperties) = preSolution
		HideSolutionNode = FALSE
	EndGlobalSection
	GlobalSection(ExtensibilityGlobals) = postSolution
		SolutionGuid = {C5828509-9CB7-4E8A-B4CA-8D51FCE18C1C}
	EndGlobalSection
EndGlobal
