Microsoft Visual Studio Solution File, Format Version 12.00
# Visual Studio Version 17
VisualStudioVersion = 17.5.2.0
MinimumVisualStudioVersion = 10.0.40219.1
Project("{FAE04EC0-301F-11D3-BF4B-00C04F79EFBC}") = "MaterijalStovariste", "MaterijalStovariste.csproj", "{E202FCBB-0926-7015-296E-57226B9408D8}"
EndProject
Global
	GlobalSection(SolutionConfigurationPlatforms) = preSolution
		Debug|Any CPU = Debug|Any CPU
		Release|Any CPU = Release|Any CPU
	EndGlobalSection
	GlobalSection(ProjectConfigurationPlatforms) = postSolution
		{E202FCBB-0926-7015-296E-57226B9408D8}.Debug|Any CPU.ActiveCfg = Debug|Any CPU
		{E202FCBB-0926-7015-296E-57226B9408D8}.Debug|Any CPU.Build.0 = Debug|Any CPU
		{E202FCBB-0926-7015-296E-57226B9408D8}.Release|Any CPU.ActiveCfg = Release|Any CPU
		{E202FCBB-0926-7015-296E-57226B9408D8}.Release|Any CPU.Build.0 = Release|Any CPU
	EndGlobalSection
	GlobalSection(SolutionProperties) = preSolution
		HideSolutionNode = FALSE
	EndGlobalSection
	GlobalSection(ExtensibilityGlobals) = postSolution
		SolutionGuid = {843DA5AB-93DC-4060-AF13-5E7FA3D44B98}
	EndGlobalSection
EndGlobal
